
Microsoft Visual Studio Solution File, Format Version 12.00
# Visual Studio Version 17
VisualStudioVersion = 17.13.35931.197 d17.13
MinimumVisualStudioVersion = 10.0.40219.1
Project("{FAE04EC0-301F-11D3-BF4B-00C04F79EFBC}") = "Activity1_AppDev", "Activity1_AppDev.csproj", "{EB1FEB90-A607-4451-8203-58C6447C489B}"
EndProject
Global
	GlobalSection(SolutionConfigurationPlatforms) = preSolution
		Debug|Any CPU = Debug|Any CPU
		Release|Any CPU = Release|Any CPU
	EndGlobalSection
	GlobalSection(ProjectConfigurationPlatforms) = postSolution
		{EB1FEB90-A607-4451-8203-58C6447C489B}.Debug|Any CPU.ActiveCfg = Debug|Any CPU
		{EB1FEB90-A607-4451-8203-58C6447C489B}.Debug|Any CPU.Build.0 = Debug|Any CPU
		{EB1FEB90-A607-4451-8203-58C6447C489B}.Release|Any CPU.ActiveCfg = Release|Any CPU
		{EB1FEB90-A607-4451-8203-58C6447C489B}.Release|Any CPU.Build.0 = Release|Any CPU
	EndGlobalSection
	GlobalSection(SolutionProperties) = preSolution
		HideSolutionNode = FALSE
	EndGlobalSection
	GlobalSection(ExtensibilityGlobals) = postSolution
		SolutionGuid = {2EB0BB36-8CE6-4AE1-9C17-9F419C2372C3}
	EndGlobalSection
EndGlobal
